
Microsoft Visual Studio Solution File, Format Version 12.00
# Visual Studio 15
VisualStudioVersion = 15.0.28010.2048
MinimumVisualStudioVersion = 10.0.40219.1
Project("{F184B08F-C81C-45F6-A57F-5ABD9991F28F}") = "Hello lol", "Hello lol\Hello lol.vbproj", "{24B94924-7C2B-4998-93C5-20366B50217E}"
EndProject
Global
	GlobalSection(SolutionConfigurationPlatforms) = preSolution
		Debug|Any CPU = Debug|Any CPU
		Release|Any CPU = Release|Any CPU
	EndGlobalSection
	GlobalSection(ProjectConfigurationPlatforms) = postSolution
		{24B94924-7C2B-4998-93C5-20366B50217E}.Debug|Any CPU.ActiveCfg = Debug|Any CPU
		{24B94924-7C2B-4998-93C5-20366B50217E}.Debug|Any CPU.Build.0 = Debug|Any CPU
		{24B94924-7C2B-4998-93C5-20366B50217E}.Release|Any CPU.ActiveCfg = Release|Any CPU
		{24B94924-7C2B-4998-93C5-20366B50217E}.Release|Any CPU.Build.0 = Release|Any CPU
	EndGlobalSection
	GlobalSection(SolutionProperties) = preSolution
		HideSolutionNode = FALSE
	EndGlobalSection
	GlobalSection(ExtensibilityGlobals) = postSolution
		SolutionGuid = {6245BBD6-7AE3-4F54-AFCC-652904C80EC9}
	EndGlobalSection
EndGlobal
